
Microsoft Visual Studio Solution File, Format Version 12.00
# Visual Studio Version 17
VisualStudioVersion = 17.11.35327.3
MinimumVisualStudioVersion = 10.0.40219.1
Project("{FAE04EC0-301F-11D3-BF4B-00C04F79EFBC}") = "Demo1", "Demo1\Demo1.csproj", "{E742C108-53E6-41D4-955C-FA83F2B4D8D4}"
EndProject
Project("{FAE04EC0-301F-11D3-BF4B-00C04F79EFBC}") = "Demo2", "Demo2\Demo2.csproj", "{552A01BC-04E6-4F55-804E-EB944682DCBA}"
EndProject
Project("{FAE04EC0-301F-11D3-BF4B-00C04F79EFBC}") = "Demo3", "Demo3\Demo3.csproj", "{E0EA0AA6-E227-434B-9C10-AD17C600C053}"
EndProject
Global
	GlobalSection(SolutionConfigurationPlatforms) = preSolution
		Debug|Any CPU = Debug|Any CPU
		Release|Any CPU = Release|Any CPU
	EndGlobalSection
	GlobalSection(ProjectConfigurationPlatforms) = postSolution
		{E742C108-53E6-41D4-955C-FA83F2B4D8D4}.Debug|Any CPU.ActiveCfg = Debug|Any CPU
		{E742C108-53E6-41D4-955C-FA83F2B4D8D4}.Debug|Any CPU.Build.0 = Debug|Any CPU
		{E742C108-53E6-41D4-955C-FA83F2B4D8D4}.Release|Any CPU.ActiveCfg = Release|Any CPU
		{E742C108-53E6-41D4-955C-FA83F2B4D8D4}.Release|Any CPU.Build.0 = Release|Any CPU
		{552A01BC-04E6-4F55-804E-EB944682DCBA}.Debug|Any CPU.ActiveCfg = Debug|Any CPU
		{552A01BC-04E6-4F55-804E-EB944682DCBA}.Debug|Any CPU.Build.0 = Debug|Any CPU
		{552A01BC-04E6-4F55-804E-EB944682DCBA}.Release|Any CPU.ActiveCfg = Release|Any CPU
		{552A01BC-04E6-4F55-804E-EB944682DCBA}.Release|Any CPU.Build.0 = Release|Any CPU
		{E0EA0AA6-E227-434B-9C10-AD17C600C053}.Debug|Any CPU.ActiveCfg = Debug|Any CPU
		{E0EA0AA6-E227-434B-9C10-AD17C600C053}.Debug|Any CPU.Build.0 = Debug|Any CPU
		{E0EA0AA6-E227-434B-9C10-AD17C600C053}.Release|Any CPU.ActiveCfg = Release|Any CPU
		{E0EA0AA6-E227-434B-9C10-AD17C600C053}.Release|Any CPU.Build.0 = Release|Any CPU
	EndGlobalSection
	GlobalSection(SolutionProperties) = preSolution
		HideSolutionNode = FALSE
	EndGlobalSection
	GlobalSection(ExtensibilityGlobals) = postSolution
		SolutionGuid = {1F2FE63E-DE19-479E-AED2-9D38F1941398}
	EndGlobalSection
EndGlobal
